
Microsoft Visual Studio Solution File, Format Version 12.00
# Visual Studio Version 17
VisualStudioVersion = 17.4.33122.133
MinimumVisualStudioVersion = 10.0.40219.1
Project("{9A19103F-16F7-4668-BE54-9A1E7A4F7556}") = "exel-for-mfc", "exel-for-mfc.csproj", "{671C678D-0D70-4D19-8744-8126AB0A82F6}"
EndProject
Global
	GlobalSection(SolutionConfigurationPlatforms) = preSolution
		Debug|Any CPU = Debug|Any CPU
		Release|Any CPU = Release|Any CPU
	EndGlobalSection
	GlobalSection(ProjectConfigurationPlatforms) = postSolution
		{671C678D-0D70-4D19-8744-8126AB0A82F6}.Debug|Any CPU.ActiveCfg = Debug|Any CPU
		{671C678D-0D70-4D19-8744-8126AB0A82F6}.Debug|Any CPU.Build.0 = Debug|Any CPU
		{671C678D-0D70-4D19-8744-8126AB0A82F6}.Release|Any CPU.ActiveCfg = Release|Any CPU
		{671C678D-0D70-4D19-8744-8126AB0A82F6}.Release|Any CPU.Build.0 = Release|Any CPU
	EndGlobalSection
	GlobalSection(SolutionProperties) = preSolution
		HideSolutionNode = FALSE
	EndGlobalSection
	GlobalSection(ExtensibilityGlobals) = postSolution
		SolutionGuid = {4B0D43AA-8E6E-4A87-B802-93738FEADDD0}
	EndGlobalSection
EndGlobal
